
Microsoft Visual Studio Solution File, Format Version 12.00
# Visual Studio Version 16
VisualStudioVersion = 16.0.32126.315
MinimumVisualStudioVersion = 10.0.40219.1
Project("{FAE04EC0-301F-11D3-BF4B-00C04F79EFBC}") = "01. Train", "01. Train\01. Train.csproj", "{646FB54E-88FF-4CE0-9750-E060FC6B98CC}"
EndProject
Project("{FAE04EC0-301F-11D3-BF4B-00C04F79EFBC}") = "02. Common Elements", "2. Common Elements\02. Common Elements.csproj", "{83238845-9FD1-4BCD-8C45-59247D97963B}"
EndProject
Project("{FAE04EC0-301F-11D3-BF4B-00C04F79EFBC}") = "03. Zig-Zag Arrays", "03. Zig-Zag Arrays\03. Zig-Zag Arrays.csproj", "{AF8CF39A-6F70-4701-B893-7670273CEFE4}"
EndProject
Project("{FAE04EC0-301F-11D3-BF4B-00C04F79EFBC}") = "04. Array Rotation", "04. Array Rotation\04. Array Rotation.csproj", "{BBD053B2-0E1D-4416-A8C0-18E401E97124}"
EndProject
Project("{FAE04EC0-301F-11D3-BF4B-00C04F79EFBC}") = "05. Top Integers", "05. Top Integers\05. Top Integers.csproj", "{8C27D652-479A-4C73-8BD9-0AB77813E012}"
EndProject
Project("{FAE04EC0-301F-11D3-BF4B-00C04F79EFBC}") = "06. Equal Sum", "06. Equal Sum\06. Equal Sum.csproj", "{1E5BA8CB-8819-4CF7-A8DD-D16AADC29C98}"
EndProject
Global
	GlobalSection(SolutionConfigurationPlatforms) = preSolution
		Debug|Any CPU = Debug|Any CPU
		Release|Any CPU = Release|Any CPU
	EndGlobalSection
	GlobalSection(ProjectConfigurationPlatforms) = postSolution
		{646FB54E-88FF-4CE0-9750-E060FC6B98CC}.Debug|Any CPU.ActiveCfg = Debug|Any CPU
		{646FB54E-88FF-4CE0-9750-E060FC6B98CC}.Debug|Any CPU.Build.0 = Debug|Any CPU
		{646FB54E-88FF-4CE0-9750-E060FC6B98CC}.Release|Any CPU.ActiveCfg = Release|Any CPU
		{646FB54E-88FF-4CE0-9750-E060FC6B98CC}.Release|Any CPU.Build.0 = Release|Any CPU
		{83238845-9FD1-4BCD-8C45-59247D97963B}.Debug|Any CPU.ActiveCfg = Debug|Any CPU
		{83238845-9FD1-4BCD-8C45-59247D97963B}.Debug|Any CPU.Build.0 = Debug|Any CPU
		{83238845-9FD1-4BCD-8C45-59247D97963B}.Release|Any CPU.ActiveCfg = Release|Any CPU
		{83238845-9FD1-4BCD-8C45-59247D97963B}.Release|Any CPU.Build.0 = Release|Any CPU
		{AF8CF39A-6F70-4701-B893-7670273CEFE4}.Debug|Any CPU.ActiveCfg = Debug|Any CPU
		{AF8CF39A-6F70-4701-B893-7670273CEFE4}.Debug|Any CPU.Build.0 = Debug|Any CPU
		{AF8CF39A-6F70-4701-B893-7670273CEFE4}.Release|Any CPU.ActiveCfg = Release|Any CPU
		{AF8CF39A-6F70-4701-B893-7670273CEFE4}.Release|Any CPU.Build.0 = Release|Any CPU
		{BBD053B2-0E1D-4416-A8C0-18E401E97124}.Debug|Any CPU.ActiveCfg = Debug|Any CPU
		{BBD053B2-0E1D-4416-A8C0-18E401E97124}.Debug|Any CPU.Build.0 = Debug|Any CPU
		{BBD053B2-0E1D-4416-A8C0-18E401E97124}.Release|Any CPU.ActiveCfg = Release|Any CPU
		{BBD053B2-0E1D-4416-A8C0-18E401E97124}.Release|Any CPU.Build.0 = Release|Any CPU
		{8C27D652-479A-4C73-8BD9-0AB77813E012}.Debug|Any CPU.ActiveCfg = Debug|Any CPU
		{8C27D652-479A-4C73-8BD9-0AB77813E012}.Debug|Any CPU.Build.0 = Debug|Any CPU
		{8C27D652-479A-4C73-8BD9-0AB77813E012}.Release|Any CPU.ActiveCfg = Release|Any CPU
		{8C27D652-479A-4C73-8BD9-0AB77813E012}.Release|Any CPU.Build.0 = Release|Any CPU
		{1E5BA8CB-8819-4CF7-A8DD-D16AADC29C98}.Debug|Any CPU.ActiveCfg = Debug|Any CPU
		{1E5BA8CB-8819-4CF7-A8DD-D16AADC29C98}.Debug|Any CPU.Build.0 = Debug|Any CPU
		{1E5BA8CB-8819-4CF7-A8DD-D16AADC29C98}.Release|Any CPU.ActiveCfg = Release|Any CPU
		{1E5BA8CB-8819-4CF7-A8DD-D16AADC29C98}.Release|Any CPU.Build.0 = Release|Any CPU
	EndGlobalSection
	GlobalSection(SolutionProperties) = preSolution
		HideSolutionNode = FALSE
	EndGlobalSection
	GlobalSection(ExtensibilityGlobals) = postSolution
		SolutionGuid = {0EDFCD0B-D12C-44DD-AF1A-91FF602FA57E}
	EndGlobalSection
EndGlobal
